github.com/go-ble/ble v0.0.0-20190521171521-147700f13610 h1:eWay3GzFqTJUEYN1BrbqdDTFeFUGmYLps8SQkn1D7Yo=
github.com/go-ble/ble v0.0.0-20190521171521-147700f13610/go.mod h1:UMPB54/KFpdTdfH7Yovhk3J6kzgzE88e3QZi8cbayis=
github.com/gobuffalo/uuid v2.0.5+incompatible h1:c5uWRuEnYggYCrT9AJm0U2v1QTG7OVDAvxhj8tIV5Gc=
github.com/gobuffalo/uuid v2.0.5+incompatible/go.mod h1:ErhIzkRhm0FtRuiE/PeORqcw4cVi1RtSpnwYrxuvkfE=
github.com/gofrs/uuid v3.2.0+incompatible h1:y12jRkkFxsd7GpqdSZ+/KCs/fJbqpEXSGd4+jfEaewE=
github.com/gofrs/uuid v3.2.0+incompatible/go.mod h1:b2aQJv3Z4Fp6yNu3cdSllBxTCLRxnplIgP/c0N/04lM=
github.com/hashicorp/errwrap v1.0.0 h1:hLrqtEDnRye3+sgx6z4qVLNuviH3MR5aQ0ykNJa/UYA=
github.com/hashicorp/errwrap v1.0.0/go.mod h1:YH+1FKiLXxHSkmPseP+kNlulaMuP3n2brvKWEqk/Jc4=
github.com/hashicorp/go-multierror v1.0.0 h1:iVjPR7a6H0tWELX5NxNe7bYopibicUzc7uPribsnS6o=
github.com/hashicorp/go-multierror v1.0.0/go.mod h1:dHtQlpGsu+cZNNAkkCN/P3hoUDHhCYQXV3UM06sGGrk=
github.com/mattn/go-colorable v0.1.2 h1:/bC9yWikZXAL9uJdulbSfyVNIR3n3trXl+v8+1sx8mU=
github.com/mattn/go-colorable v0.1.2/go.mod h1:U0ppj6V5qS13XJ6of8GYAs25YV2eR4EVcfRqFIhoBtE=
github.com/mattn/go-isatty v0.0.8 h1:HLtExJ+uU2HOZ+wI0Tt5DtUDrx8yhUqDcp7fYERX4CE=
github.com/mattn/go-isatty v0.0.8/go.mod h1:Iq45c/XA43vh69/j3iqttzPXn0bhXyGjM0Hdxcsrc5s=
github.com/mgutz/ansi v0.0.0-20170206155736-9520e82c474b h1:j7+1HpAFS1zy5+Q4qx1fWh90gTKwiN4QCGoY9TWyyO4=
github.com/mgutz/ansi v0.0.0-20170206155736-9520e82c474b/go.mod h1:01TrycV0kFyexm33Z7vhZRXopbI8J3TDReVlkTgMUxE=
github.com/mgutz/logxi v0.0.0-20161027140823-aebf8a7d67ab h1:n8cgpHzJ5+EDyDri2s/GC7a9+qK3/YEGnBsd0uS/8PY=
github.com/mgutz/logxi v0.0.0-20161027140823-aebf8a7d67ab/go.mod h1:y1pL58r5z2VvAjeG1VLGc8zOQgSOzbKN7kMHPvFXJ+8=
github.com/pkg/errors v0.8.1 h1:iURUrRGxPUNPdy5/HRSm+Yj6okJ6UtLINN0Q9M4+h3I=
github.com/pkg/errors v0.8.1/go.mod h1:bwawxfHBFNV+L2hUp1rHADufV3IMtnDRdf1r5NINEl0=
github.com/raff/goble v0.0.0-20190228063054-5a206277e735 h1:WKECdCsf5PdEWFXb83vOY6SxKspZR4v7nhDObhiHdhQ=
github.com/raff/goble v0.0.0-20190228063054-5a206277e735/go.mod h1:CxaUhijgLFX0AROtH5mluSY71VqpjQBw9JXE2UKZmc4=
github.com/sigurn/crc8 v0.0.0-20160107002456-e55481d6f45c h1:hk0Jigjfq59yDMgd6bzi22Das5tyxU0CtOkh7a9io84=
github.com/sigurn/crc8 v0.0.0-20160107002456-e55481d6f45c/go.mod h1:cyrWuItcOVIGX6fBZ/G00z4ykprWM7hH58fSavNkjRg=
github.com/sigurn/utils v0.0.0-20151230205143-f19e41f79f8f h1:fKe0QdNJw68NO8iUdbC+jlwaA7/pA8sw0caZkpeXFTc=
github.com/sigurn/utils v0.0.0-20151230205143-f19e41f79f8f/go.mod h1:VRI4lXkrUH5Cygl6mbG1BRUfMMoT2o8BkrtBDUAm+GU=
gobot.io/x/gobot v1.13.0 h1:weLr2fvxugeR0KCK7FGIKaxZ00SRoZbxNbki+vCyQsk=
gobot.io/x/gobot v1.13.0/go.mod h1:yQwOPKcHJsXOfrtPaszuiCm/QkUhSNvDwf8+BTrll1A=
golang.org/x/sys v0.0.0-20190222072716-a9d3bda3a223/go.mod h1:STP8DvDyc/dI5b8T5hshtkjS+E42TnysNCUPdjciGhY=
periph.io/x/periph v3.5.0+incompatible h1:EtQifkzgGteDm1sCqDqAaIic41Sp0n1tN4J6oUMQprs=
periph.io/x/periph v3.5.0+incompatible/go.mod h1:EWr+FCIU2dBWz5/wSWeiIUJTriYv9v2j2ENBmgYyy7Y=
